
Microsoft Visual Studio Solution File, Format Version 12.00
# Visual Studio Version 17
VisualStudioVersion = 17.10.35004.147
MinimumVisualStudioVersion = 10.0.40219.1
Project("{FAE04EC0-301F-11D3-BF4B-00C04F79EFBC}") = "KariyerApp.Api", "KariyerApp.Api\KariyerApp.Api.csproj", "{5615E648-4051-407F-8C47-3270DE23105A}"
EndProject
Project("{FAE04EC0-301F-11D3-BF4B-00C04F79EFBC}") = "KariyerApp.BusinessLogic", "KariyerApp.BusinessLogic\KariyerApp.BusinessLogic.csproj", "{8397EA8E-6079-414A-A96D-1FA3992B523E}"
EndProject
Project("{FAE04EC0-301F-11D3-BF4B-00C04F79EFBC}") = "KariyerApp.DataAccess", "KariyerApp.DataAccess\KariyerApp.DataAccess.csproj", "{8D0EB19B-E14E-40E5-A3BC-1141C5381223}"
EndProject
Project("{FAE04EC0-301F-11D3-BF4B-00C04F79EFBC}") = "KariyerApp.Core", "KariyerApp.Core\KariyerApp.Core.csproj", "{347DD507-AB57-45B6-B934-C5AC601FA6AE}"
EndProject
Global
	GlobalSection(SolutionConfigurationPlatforms) = preSolution
		Debug|Any CPU = Debug|Any CPU
		Release|Any CPU = Release|Any CPU
	EndGlobalSection
	GlobalSection(ProjectConfigurationPlatforms) = postSolution
		{5615E648-4051-407F-8C47-3270DE23105A}.Debug|Any CPU.ActiveCfg = Debug|Any CPU
		{5615E648-4051-407F-8C47-3270DE23105A}.Debug|Any CPU.Build.0 = Debug|Any CPU
		{5615E648-4051-407F-8C47-3270DE23105A}.Release|Any CPU.ActiveCfg = Release|Any CPU
		{5615E648-4051-407F-8C47-3270DE23105A}.Release|Any CPU.Build.0 = Release|Any CPU
		{8397EA8E-6079-414A-A96D-1FA3992B523E}.Debug|Any CPU.ActiveCfg = Debug|Any CPU
		{8397EA8E-6079-414A-A96D-1FA3992B523E}.Debug|Any CPU.Build.0 = Debug|Any CPU
		{8397EA8E-6079-414A-A96D-1FA3992B523E}.Release|Any CPU.ActiveCfg = Release|Any CPU
		{8397EA8E-6079-414A-A96D-1FA3992B523E}.Release|Any CPU.Build.0 = Release|Any CPU
		{8D0EB19B-E14E-40E5-A3BC-1141C5381223}.Debug|Any CPU.ActiveCfg = Debug|Any CPU
		{8D0EB19B-E14E-40E5-A3BC-1141C5381223}.Debug|Any CPU.Build.0 = Debug|Any CPU
		{8D0EB19B-E14E-40E5-A3BC-1141C5381223}.Release|Any CPU.ActiveCfg = Release|Any CPU
		{8D0EB19B-E14E-40E5-A3BC-1141C5381223}.Release|Any CPU.Build.0 = Release|Any CPU
		{347DD507-AB57-45B6-B934-C5AC601FA6AE}.Debug|Any CPU.ActiveCfg = Debug|Any CPU
		{347DD507-AB57-45B6-B934-C5AC601FA6AE}.Debug|Any CPU.Build.0 = Debug|Any CPU
		{347DD507-AB57-45B6-B934-C5AC601FA6AE}.Release|Any CPU.ActiveCfg = Release|Any CPU
		{347DD507-AB57-45B6-B934-C5AC601FA6AE}.Release|Any CPU.Build.0 = Release|Any CPU
	EndGlobalSection
	GlobalSection(SolutionProperties) = preSolution
		HideSolutionNode = FALSE
	EndGlobalSection
	GlobalSection(ExtensibilityGlobals) = postSolution
		SolutionGuid = {8E1D4E5B-7321-4755-83E6-DEDE63FAD2C0}
	EndGlobalSection
EndGlobal
